
Microsoft Visual Studio Solution File, Format Version 12.00
# Visual Studio 2013
VisualStudioVersion = 12.0.40629.0
MinimumVisualStudioVersion = 10.0.40219.1
Project("{FAE04EC0-301F-11D3-BF4B-00C04F79EFBC}") = "SupportHeli", "SupportHeli\SupportHeli.csproj", "{B9ADE913-2F47-4ED4-BDC4-D3280562BE0D}"
EndProject
Project("{FAE04EC0-301F-11D3-BF4B-00C04F79EFBC}") = "Priority Queue", "..\_cloned\High-Speed-Priority-Queue-for-C-Sharp\Priority Queue\Priority Queue.csproj", "{1531C1EA-BD53-41D1-A34B-CFCDF79D2651}"
EndProject
Global
	GlobalSection(SolutionConfigurationPlatforms) = preSolution
		Debug|Any CPU = Debug|Any CPU
		Release 2.0|Any CPU = Release 2.0|Any CPU
		Release 4.5|Any CPU = Release 4.5|Any CPU
		Release|Any CPU = Release|Any CPU
	EndGlobalSection
	GlobalSection(ProjectConfigurationPlatforms) = postSolution
		{B9ADE913-2F47-4ED4-BDC4-D3280562BE0D}.Debug|Any CPU.ActiveCfg = Debug|Any CPU
		{B9ADE913-2F47-4ED4-BDC4-D3280562BE0D}.Debug|Any CPU.Build.0 = Debug|Any CPU
		{B9ADE913-2F47-4ED4-BDC4-D3280562BE0D}.Release 2.0|Any CPU.ActiveCfg = Release|Any CPU
		{B9ADE913-2F47-4ED4-BDC4-D3280562BE0D}.Release 2.0|Any CPU.Build.0 = Release|Any CPU
		{B9ADE913-2F47-4ED4-BDC4-D3280562BE0D}.Release 4.5|Any CPU.ActiveCfg = Release|Any CPU
		{B9ADE913-2F47-4ED4-BDC4-D3280562BE0D}.Release 4.5|Any CPU.Build.0 = Release|Any CPU
		{B9ADE913-2F47-4ED4-BDC4-D3280562BE0D}.Release|Any CPU.ActiveCfg = Release|Any CPU
		{B9ADE913-2F47-4ED4-BDC4-D3280562BE0D}.Release|Any CPU.Build.0 = Release|Any CPU
		{1531C1EA-BD53-41D1-A34B-CFCDF79D2651}.Debug|Any CPU.ActiveCfg = Debug|Any CPU
		{1531C1EA-BD53-41D1-A34B-CFCDF79D2651}.Debug|Any CPU.Build.0 = Debug|Any CPU
		{1531C1EA-BD53-41D1-A34B-CFCDF79D2651}.Release 2.0|Any CPU.ActiveCfg = Release 2.0|Any CPU
		{1531C1EA-BD53-41D1-A34B-CFCDF79D2651}.Release 2.0|Any CPU.Build.0 = Release 2.0|Any CPU
		{1531C1EA-BD53-41D1-A34B-CFCDF79D2651}.Release 4.5|Any CPU.ActiveCfg = Release 4.5|Any CPU
		{1531C1EA-BD53-41D1-A34B-CFCDF79D2651}.Release 4.5|Any CPU.Build.0 = Release 4.5|Any CPU
		{1531C1EA-BD53-41D1-A34B-CFCDF79D2651}.Release|Any CPU.ActiveCfg = Release|Any CPU
		{1531C1EA-BD53-41D1-A34B-CFCDF79D2651}.Release|Any CPU.Build.0 = Release|Any CPU
	EndGlobalSection
	GlobalSection(SolutionProperties) = preSolution
		HideSolutionNode = FALSE
	EndGlobalSection
EndGlobal
